// !$*UTF8*$!
{
	archiveVersion = 1;
	classes = {
	};
	objectVersion = 56;
	objects = {

/* Begin PBXBuildFile section */
		3F362E352CE5A53200787EA9 /* CreatePostViewModel.swift in Sources */ = {isa = PBXBuildFile; fileRef = 3F362E342CE5A53200787EA9 /* CreatePostViewModel.swift */; };
		3F3AA5F92CB1F99A0049C2DD /* PostView.swift in Sources */ = {isa = PBXBuildFile; fileRef = 3F3AA5F82CB1F99A0049C2DD /* PostView.swift */; };
		3F3AA5FB2CB207180049C2DD /* DailyPost.swift in Sources */ = {isa = PBXBuildFile; fileRef = 3F3AA5FA2CB207180049C2DD /* DailyPost.swift */; };
		3F3AA5FD2CB208530049C2DD /* FeedView.swift in Sources */ = {isa = PBXBuildFile; fileRef = 3F3AA5FC2CB208530049C2DD /* FeedView.swift */; };
		3F498BBE2CA4736A0007FEF3 /* Assets.xcassets in Resources */ = {isa = PBXBuildFile; fileRef = 3F498BBD2CA4736A0007FEF3 /* Assets.xcassets */; };
		3F498BC12CA4736A0007FEF3 /* Preview Assets.xcassets in Resources */ = {isa = PBXBuildFile; fileRef = 3F498BC02CA4736A0007FEF3 /* Preview Assets.xcassets */; };
		3F498BCB2CA475FD0007FEF3 /* ProfileView.swift in Sources */ = {isa = PBXBuildFile; fileRef = 3F498BCA2CA475FD0007FEF3 /* ProfileView.swift */; };
		3F498BCD2CA476560007FEF3 /* ConnectXApp.swift in Sources */ = {isa = PBXBuildFile; fileRef = 3F498BCC2CA476560007FEF3 /* ConnectXApp.swift */; };
		3F498BCF2CA476D40007FEF3 /* MainView.swift in Sources */ = {isa = PBXBuildFile; fileRef = 3F498BCE2CA476D40007FEF3 /* MainView.swift */; };
		3F498BD12CA4781D0007FEF3 /* LoginView.swift in Sources */ = {isa = PBXBuildFile; fileRef = 3F498BD02CA4781D0007FEF3 /* LoginView.swift */; };
		3F498BD32CA478320007FEF3 /* RegisterView.swift in Sources */ = {isa = PBXBuildFile; fileRef = 3F498BD22CA478320007FEF3 /* RegisterView.swift */; };
		3F498BD52CA4FEB70007FEF3 /* User.swift in Sources */ = {isa = PBXBuildFile; fileRef = 3F498BD42CA4FEB70007FEF3 /* User.swift */; };
		3F498BD72CA4FEC90007FEF3 /* Profile.swift in Sources */ = {isa = PBXBuildFile; fileRef = 3F498BD62CA4FEC90007FEF3 /* Profile.swift */; };
		3F498BDC2CA8CFCE0007FEF3 /* ContentUI.swift in Sources */ = {isa = PBXBuildFile; fileRef = 3F498BDB2CA8CFCE0007FEF3 /* ContentUI.swift */; };
		3F5DECC02CE1999B00E81C99 /* CreatePostView.swift in Sources */ = {isa = PBXBuildFile; fileRef = 3F5DECBF2CE1999B00E81C99 /* CreatePostView.swift */; };
		3F5DECC22CE19DDB00E81C99 /* Post.swift in Sources */ = {isa = PBXBuildFile; fileRef = 3F5DECC12CE19DDB00E81C99 /* Post.swift */; };
		3F8DB9962CE0007900A2FAC0 /* AuthViewModel.swift in Sources */ = {isa = PBXBuildFile; fileRef = 3F8DB9952CE0007800A2FAC0 /* AuthViewModel.swift */; };
		3FE1E1C92D06BE3600B4F707 /* ContentView.swift in Sources */ = {isa = PBXBuildFile; fileRef = 3FE1E1C82D06BE3600B4F707 /* ContentView.swift */; };
		3FF218F92CC9A0DF002D2F2F /* GoogleService-Info.plist in Resources */ = {isa = PBXBuildFile; fileRef = 3FF218F82CC9A0DF002D2F2F /* GoogleService-Info.plist */; };
		3FF218FD2CC9AA37002D2F2F /* FirebaseAuth in Frameworks */ = {isa = PBXBuildFile; productRef = 3FF218FC2CC9AA37002D2F2F /* FirebaseAuth */; };
		3FF218FF2CC9AA37002D2F2F /* FirebaseCore in Frameworks */ = {isa = PBXBuildFile; productRef = 3FF218FE2CC9AA37002D2F2F /* FirebaseCore */; };
		3FF219012CCAEE98002D2F2F /* FirebaseFirestore in Frameworks */ = {isa = PBXBuildFile; productRef = 3FF219002CCAEE98002D2F2F /* FirebaseFirestore */; };
/* End PBXBuildFile section */

/* Begin PBXFileReference section */
		3F362E342CE5A53200787EA9 /* CreatePostViewModel.swift */ = {isa = PBXFileReference; lastKnownFileType = sourcecode.swift; path = CreatePostViewModel.swift; sourceTree = "<group>"; };
		3F3AA5F82CB1F99A0049C2DD /* PostView.swift */ = {isa = PBXFileReference; lastKnownFileType = sourcecode.swift; path = PostView.swift; sourceTree = "<group>"; };
		3F3AA5FA2CB207180049C2DD /* DailyPost.swift */ = {isa = PBXFileReference; lastKnownFileType = sourcecode.swift; path = DailyPost.swift; sourceTree = "<group>"; };
		3F3AA5FC2CB208530049C2DD /* FeedView.swift */ = {isa = PBXFileReference; lastKnownFileType = sourcecode.swift; path = FeedView.swift; sourceTree = "<group>"; };
		3F498BB62CA473680007FEF3 /* ConnectX.app */ = {isa = PBXFileReference; explicitFileType = wrapper.application; includeInIndex = 0; path = ConnectX.app; sourceTree = BUILT_PRODUCTS_DIR; };
		3F498BBD2CA4736A0007FEF3 /* Assets.xcassets */ = {isa = PBXFileReference; lastKnownFileType = folder.assetcatalog; path = Assets.xcassets; sourceTree = "<group>"; };
		3F498BC02CA4736A0007FEF3 /* Preview Assets.xcassets */ = {isa = PBXFileReference; lastKnownFileType = folder.assetcatalog; path = "Preview Assets.xcassets"; sourceTree = "<group>"; };
		3F498BCA2CA475FD0007FEF3 /* ProfileView.swift */ = {isa = PBXFileReference; lastKnownFileType = sourcecode.swift; path = ProfileView.swift; sourceTree = "<group>"; };
		3F498BCC2CA476560007FEF3 /* ConnectXApp.swift */ = {isa = PBXFileReference; lastKnownFileType = sourcecode.swift; path = ConnectXApp.swift; sourceTree = SOURCE_ROOT; };
		3F498BCE2CA476D40007FEF3 /* MainView.swift */ = {isa = PBXFileReference; lastKnownFileType = sourcecode.swift; path = MainView.swift; sourceTree = "<group>"; };
		3F498BD02CA4781D0007FEF3 /* LoginView.swift */ = {isa = PBXFileReference; lastKnownFileType = sourcecode.swift; path = LoginView.swift; sourceTree = "<group>"; };
		3F498BD22CA478320007FEF3 /* RegisterView.swift */ = {isa = PBXFileReference; lastKnownFileType = sourcecode.swift; path = RegisterView.swift; sourceTree = "<group>"; };
		3F498BD42CA4FEB70007FEF3 /* User.swift */ = {isa = PBXFileReference; lastKnownFileType = sourcecode.swift; path = User.swift; sourceTree = "<group>"; };
		3F498BD62CA4FEC90007FEF3 /* Profile.swift */ = {isa = PBXFileReference; lastKnownFileType = sourcecode.swift; path = Profile.swift; sourceTree = "<group>"; };
		3F498BDB2CA8CFCE0007FEF3 /* ContentUI.swift */ = {isa = PBXFileReference; lastKnownFileType = sourcecode.swift; path = ContentUI.swift; sourceTree = "<group>"; };
		3F5DECBF2CE1999B00E81C99 /* CreatePostView.swift */ = {isa = PBXFileReference; lastKnownFileType = sourcecode.swift; path = CreatePostView.swift; sourceTree = "<group>"; };
		3F5DECC12CE19DDB00E81C99 /* Post.swift */ = {isa = PBXFileReference; lastKnownFileType = sourcecode.swift; path = Post.swift; sourceTree = "<group>"; };
		3F8DB9952CE0007800A2FAC0 /* AuthViewModel.swift */ = {isa = PBXFileReference; lastKnownFileType = sourcecode.swift; path = AuthViewModel.swift; sourceTree = "<group>"; };
		3FE1E1C82D06BE3600B4F707 /* ContentView.swift */ = {isa = PBXFileReference; lastKnownFileType = sourcecode.swift; path = ContentView.swift; sourceTree = "<group>"; };
		3FF218F82CC9A0DF002D2F2F /* GoogleService-Info.plist */ = {isa = PBXFileReference; fileEncoding = 4; lastKnownFileType = text.plist.xml; path = "GoogleService-Info.plist"; sourceTree = "<group>"; };
/* End PBXFileReference section */

/* Begin PBXFrameworksBuildPhase section */
		3F498BB32CA473680007FEF3 /* Frameworks */ = {
			isa = PBXFrameworksBuildPhase;
			buildActionMask = 2147483647;
			files = (
				3FF218FF2CC9AA37002D2F2F /* FirebaseCore in Frameworks */,
				3FF218FD2CC9AA37002D2F2F /* FirebaseAuth in Frameworks */,
				3FF219012CCAEE98002D2F2F /* FirebaseFirestore in Frameworks */,
			);
			runOnlyForDeploymentPostprocessing = 0;
		};
/* End PBXFrameworksBuildPhase section */

/* Begin PBXGroup section */
		3F498BAD2CA473680007FEF3 = {
			isa = PBXGroup;
			children = (
				3F498BB82CA473680007FEF3 /* ConnectX */,
				3F498BB72CA473680007FEF3 /* Products */,
				3FF218FB2CC9AA37002D2F2F /* Frameworks */,
			);
			sourceTree = "<group>";
		};
		3F498BB72CA473680007FEF3 /* Products */ = {
			isa = PBXGroup;
			children = (
				3F498BB62CA473680007FEF3 /* ConnectX.app */,
			);
			name = Products;
			sourceTree = "<group>";
		};
		3F498BB82CA473680007FEF3 /* ConnectX */ = {
			isa = PBXGroup;
			children = (
				3F498BDA2CA8CFB30007FEF3 /* Other */,
				3F498BCC2CA476560007FEF3 /* ConnectXApp.swift */,
				3F498BC92CA474060007FEF3 /* Models */,
				3F498BC72CA473D80007FEF3 /* Views */,
				3F498BBD2CA4736A0007FEF3 /* Assets.xcassets */,
				3FF218F82CC9A0DF002D2F2F /* GoogleService-Info.plist */,
				3F498BBF2CA4736A0007FEF3 /* Preview Content */,
			);
			path = ConnectX;
			sourceTree = "<group>";
		};
		3F498BBF2CA4736A0007FEF3 /* Preview Content */ = {
			isa = PBXGroup;
			children = (
				3F498BC02CA4736A0007FEF3 /* Preview Assets.xcassets */,
			);
			path = "Preview Content";
			sourceTree = "<group>";
		};
		3F498BC72CA473D80007FEF3 /* Views */ = {
			isa = PBXGroup;
			children = (
				3F498BCA2CA475FD0007FEF3 /* ProfileView.swift */,
				3F498BCE2CA476D40007FEF3 /* MainView.swift */,
				3F498BD02CA4781D0007FEF3 /* LoginView.swift */,
				3F498BD22CA478320007FEF3 /* RegisterView.swift */,
				3F3AA5F82CB1F99A0049C2DD /* PostView.swift */,
				3F3AA5FC2CB208530049C2DD /* FeedView.swift */,
				3F5DECBF2CE1999B00E81C99 /* CreatePostView.swift */,
				3FE1E1C82D06BE3600B4F707 /* ContentView.swift */,
			);
			path = Views;
			sourceTree = "<group>";
		};
		3F498BC92CA474060007FEF3 /* Models */ = {
			isa = PBXGroup;
			children = (
				3F498BD42CA4FEB70007FEF3 /* User.swift */,
				3F498BD62CA4FEC90007FEF3 /* Profile.swift */,
				3F8DB9952CE0007800A2FAC0 /* AuthViewModel.swift */,
				3F362E342CE5A53200787EA9 /* CreatePostViewModel.swift */,
			);
			path = Models;
			sourceTree = "<group>";
		};
		3F498BDA2CA8CFB30007FEF3 /* Other */ = {
			isa = PBXGroup;
			children = (
				3F498BDB2CA8CFCE0007FEF3 /* ContentUI.swift */,
				3F5DECC12CE19DDB00E81C99 /* Post.swift */,
				3F3AA5FA2CB207180049C2DD /* DailyPost.swift */,
			);
			path = Other;
			sourceTree = "<group>";
		};
		3FF218FB2CC9AA37002D2F2F /* Frameworks */ = {
			isa = PBXGroup;
			children = (
			);
			name = Frameworks;
			sourceTree = "<group>";
		};
/* End PBXGroup section */

/* Begin PBXNativeTarget section */
		3F498BB52CA473680007FEF3 /* ConnectX */ = {
			isa = PBXNativeTarget;
			buildConfigurationList = 3F498BC42CA4736A0007FEF3 /* Build configuration list for PBXNativeTarget "ConnectX" */;
			buildPhases = (
				3F498BB22CA473680007FEF3 /* Sources */,
				3F498BB32CA473680007FEF3 /* Frameworks */,
				3F498BB42CA473680007FEF3 /* Resources */,
			);
			buildRules = (
			);
			dependencies = (
			);
			name = ConnectX;
			packageProductDependencies = (
				3FF218FC2CC9AA37002D2F2F /* FirebaseAuth */,
				3FF218FE2CC9AA37002D2F2F /* FirebaseCore */,
				3FF219002CCAEE98002D2F2F /* FirebaseFirestore */,
			);
			productName = ConnectX;
			productReference = 3F498BB62CA473680007FEF3 /* ConnectX.app */;
			productType = "com.apple.product-type.application";
		};
/* End PBXNativeTarget section */

/* Begin PBXProject section */
		3F498BAE2CA473680007FEF3 /* Project object */ = {
			isa = PBXProject;
			attributes = {
				BuildIndependentTargetsInParallel = 1;
				LastSwiftUpdateCheck = 1540;
				LastUpgradeCheck = 1540;
				TargetAttributes = {
					3F498BB52CA473680007FEF3 = {
						CreatedOnToolsVersion = 15.4;
						LastSwiftMigration = 1540;
					};
				};
			};
			buildConfigurationList = 3F498BB12CA473680007FEF3 /* Build configuration list for PBXProject "ConnectX" */;
			compatibilityVersion = "Xcode 14.0";
			developmentRegion = en;
			hasScannedForEncodings = 0;
			knownRegions = (
				en,
				Base,
			);
			mainGroup = 3F498BAD2CA473680007FEF3;
			packageReferences = (
				3FF218FA2CC9A3DA002D2F2F /* XCRemoteSwiftPackageReference "firebase-ios-sdk" */,
			);
			productRefGroup = 3F498BB72CA473680007FEF3 /* Products */;
			projectDirPath = "";
			projectRoot = "";
			targets = (
				3F498BB52CA473680007FEF3 /* ConnectX */,
			);
		};
/* End PBXProject section */

/* Begin PBXResourcesBuildPhase section */
		3F498BB42CA473680007FEF3 /* Resources */ = {
			isa = PBXResourcesBuildPhase;
			buildActionMask = 2147483647;
			files = (
				3F498BC12CA4736A0007FEF3 /* Preview Assets.xcassets in Resources */,
				3F498BBE2CA4736A0007FEF3 /* Assets.xcassets in Resources */,
				3FF218F92CC9A0DF002D2F2F /* GoogleService-Info.plist in Resources */,
			);
			runOnlyForDeploymentPostprocessing = 0;
		};
/* End PBXResourcesBuildPhase section */

/* Begin PBXSourcesBuildPhase section */
		3F498BB22CA473680007FEF3 /* Sources */ = {
			isa = PBXSourcesBuildPhase;
			buildActionMask = 2147483647;
			files = (
				3F498BCB2CA475FD0007FEF3 /* ProfileView.swift in Sources */,
				3F498BD32CA478320007FEF3 /* RegisterView.swift in Sources */,
				3FE1E1C92D06BE3600B4F707 /* ContentView.swift in Sources */,
				3F362E352CE5A53200787EA9 /* CreatePostViewModel.swift in Sources */,
				3F5DECC02CE1999B00E81C99 /* CreatePostView.swift in Sources */,
				3F498BD52CA4FEB70007FEF3 /* User.swift in Sources */,
				3F498BDC2CA8CFCE0007FEF3 /* ContentUI.swift in Sources */,
				3F5DECC22CE19DDB00E81C99 /* Post.swift in Sources */,
				3F498BD72CA4FEC90007FEF3 /* Profile.swift in Sources */,
				3F498BCF2CA476D40007FEF3 /* MainView.swift in Sources */,
				3F3AA5FD2CB208530049C2DD /* FeedView.swift in Sources */,
				3F498BD12CA4781D0007FEF3 /* LoginView.swift in Sources */,
				3F8DB9962CE0007900A2FAC0 /* AuthViewModel.swift in Sources */,
				3F3AA5FB2CB207180049C2DD /* DailyPost.swift in Sources */,
				3F3AA5F92CB1F99A0049C2DD /* PostView.swift in Sources */,
				3F498BCD2CA476560007FEF3 /* ConnectXApp.swift in Sources */,
			);
			runOnlyForDeploymentPostprocessing = 0;
		};
/* End PBXSourcesBuildPhase section */

/* Begin XCBuildConfiguration section */
		3F498BC22CA4736A0007FEF3 /* Debug */ = {
			isa = XCBuildConfiguration;
			buildSettings = {
				ALWAYS_SEARCH_USER_PATHS = NO;
				ASSETCATALOG_COMPILER_GENERATE_SWIFT_ASSET_SYMBOL_EXTENSIONS = YES;
				CLANG_ANALYZER_NONNULL = YES;
				CLANG_ANALYZER_NUMBER_OBJECT_CONVERSION = YES_AGGRESSIVE;
				CLANG_CXX_LANGUAGE_STANDARD = "gnu++20";
				CLANG_ENABLE_MODULES = YES;
				CLANG_ENABLE_OBJC_ARC = YES;
				CLANG_ENABLE_OBJC_WEAK = YES;
				CLANG_WARN_BLOCK_CAPTURE_AUTORELEASING = YES;
				CLANG_WARN_BOOL_CONVERSION = YES;
				CLANG_WARN_COMMA = YES;
				CLANG_WARN_CONSTANT_CONVERSION = YES;
				CLANG_WARN_DEPRECATED_OBJC_IMPLEMENTATIONS = YES;
				CLANG_WARN_DIRECT_OBJC_ISA_USAGE = YES_ERROR;
				CLANG_WARN_DOCUMENTATION_COMMENTS = YES;
				CLANG_WARN_EMPTY_BODY = YES;
				CLANG_WARN_ENUM_CONVERSION = YES;
				CLANG_WARN_INFINITE_RECURSION = YES;
				CLANG_WARN_INT_CONVERSION = YES;
				CLANG_WARN_NON_LITERAL_NULL_CONVERSION = YES;
				CLANG_WARN_OBJC_IMPLICIT_RETAIN_SELF = YES;
				CLANG_WARN_OBJC_LITERAL_CONVERSION = YES;
				CLANG_WARN_OBJC_ROOT_CLASS = YES_ERROR;
				CLANG_WARN_QUOTED_INCLUDE_IN_FRAMEWORK_HEADER = YES;
				CLANG_WARN_RANGE_LOOP_ANALYSIS = YES;
				CLANG_WARN_STRICT_PROTOTYPES = YES;
				CLANG_WARN_SUSPICIOUS_MOVE = YES;
				CLANG_WARN_UNGUARDED_AVAILABILITY = YES_AGGRESSIVE;
				CLANG_WARN_UNREACHABLE_CODE = YES;
				CLANG_WARN__DUPLICATE_METHOD_MATCH = YES;
				COPY_PHASE_STRIP = NO;
				DEBUG_INFORMATION_FORMAT = dwarf;
				ENABLE_STRICT_OBJC_MSGSEND = YES;
				ENABLE_TESTABILITY = YES;
				ENABLE_USER_SCRIPT_SANDBOXING = YES;
				GCC_C_LANGUAGE_STANDARD = gnu17;
				GCC_DYNAMIC_NO_PIC = NO;
				GCC_NO_COMMON_BLOCKS = YES;
				GCC_OPTIMIZATION_LEVEL = 0;
				GCC_PREPROCESSOR_DEFINITIONS = (
					"DEBUG=1",
					"$(inherited)",
				);
				GCC_WARN_64_TO_32_BIT_CONVERSION = YES;
				GCC_WARN_ABOUT_RETURN_TYPE = YES_ERROR;
				GCC_WARN_UNDECLARED_SELECTOR = YES;
				GCC_WARN_UNINITIALIZED_AUTOS = YES_AGGRESSIVE;
				GCC_WARN_UNUSED_FUNCTION = YES;
				GCC_WARN_UNUSED_VARIABLE = YES;
				IPHONEOS_DEPLOYMENT_TARGET = 17.5;
				LOCALIZATION_PREFERS_STRING_CATALOGS = YES;
				MTL_ENABLE_DEBUG_INFO = INCLUDE_SOURCE;
				MTL_FAST_MATH = YES;
				ONLY_ACTIVE_ARCH = YES;
				SDKROOT = iphoneos;
				SWIFT_ACTIVE_COMPILATION_CONDITIONS = "DEBUG $(inherited)";
				SWIFT_OPTIMIZATION_LEVEL = "-Onone";
			};
			name = Debug;
		};
		3F498BC32CA4736A0007FEF3 /* Release */ = {
			isa = XCBuildConfiguration;
			buildSettings = {
				ALWAYS_SEARCH_USER_PATHS = NO;
				ASSETCATALOG_COMPILER_GENERATE_SWIFT_ASSET_SYMBOL_EXTENSIONS = YES;
				CLANG_ANALYZER_NONNULL = YES;
				CLANG_ANALYZER_NUMBER_OBJECT_CONVERSION = YES_AGGRESSIVE;
				CLANG_CXX_LANGUAGE_STANDARD = "gnu++20";
				CLANG_ENABLE_MODULES = YES;
				CLANG_ENABLE_OBJC_ARC = YES;
				CLANG_ENABLE_OBJC_WEAK = YES;
				CLANG_WARN_BLOCK_CAPTURE_AUTORELEASING = YES;
				CLANG_WARN_BOOL_CONVERSION = YES;
				CLANG_WARN_COMMA = YES;
				CLANG_WARN_CONSTANT_CONVERSION = YES;
				CLANG_WARN_DEPRECATED_OBJC_IMPLEMENTATIONS = YES;
				CLANG_WARN_DIRECT_OBJC_ISA_USAGE = YES_ERROR;
				CLANG_WARN_DOCUMENTATION_COMMENTS = YES;
				CLANG_WARN_EMPTY_BODY = YES;
				CLANG_WARN_ENUM_CONVERSION = YES;
				CLANG_WARN_INFINITE_RECURSION = YES;
				CLANG_WARN_INT_CONVERSION = YES;
				CLANG_WARN_NON_LITERAL_NULL_CONVERSION = YES;
				CLANG_WARN_OBJC_IMPLICIT_RETAIN_SELF = YES;
				CLANG_WARN_OBJC_LITERAL_CONVERSION = YES;
				CLANG_WARN_OBJC_ROOT_CLASS = YES_ERROR;
				CLANG_WARN_QUOTED_INCLUDE_IN_FRAMEWORK_HEADER = YES;
				CLANG_WARN_RANGE_LOOP_ANALYSIS = YES;
				CLANG_WARN_STRICT_PROTOTYPES = YES;
				CLANG_WARN_SUSPICIOUS_MOVE = YES;
				CLANG_WARN_UNGUARDED_AVAILABILITY = YES_AGGRESSIVE;
				CLANG_WARN_UNREACHABLE_CODE = YES;
				CLANG_WARN__DUPLICATE_METHOD_MATCH = YES;
				COPY_PHASE_STRIP = NO;
				DEBUG_INFORMATION_FORMAT = "dwarf-with-dsym";
				ENABLE_NS_ASSERTIONS = NO;
				ENABLE_STRICT_OBJC_MSGSEND = YES;
				ENABLE_USER_SCRIPT_SANDBOXING = YES;
				GCC_C_LANGUAGE_STANDARD = gnu17;
				GCC_NO_COMMON_BLOCKS = YES;
				GCC_WARN_64_TO_32_BIT_CONVERSION = YES;
				GCC_WARN_ABOUT_RETURN_TYPE = YES_ERROR;
				GCC_WARN_UNDECLARED_SELECTOR = YES;
				GCC_WARN_UNINITIALIZED_AUTOS = YES_AGGRESSIVE;
				GCC_WARN_UNUSED_FUNCTION = YES;
				GCC_WARN_UNUSED_VARIABLE = YES;
				IPHONEOS_DEPLOYMENT_TARGET = 17.5;
				LOCALIZATION_PREFERS_STRING_CATALOGS = YES;
				MTL_ENABLE_DEBUG_INFO = NO;
				MTL_FAST_MATH = YES;
				SDKROOT = iphoneos;
				SWIFT_COMPILATION_MODE = wholemodule;
				VALIDATE_PRODUCT = YES;
			};
			name = Release;
		};
		3F498BC52CA4736A0007FEF3 /* Debug */ = {
			isa = XCBuildConfiguration;
			buildSettings = {
				ASSETCATALOG_COMPILER_APPICON_NAME = AppIcon;
				ASSETCATALOG_COMPILER_GLOBAL_ACCENT_COLOR_NAME = AccentColor;
				CLANG_ENABLE_MODULES = YES;
				CODE_SIGN_STYLE = Automatic;
				CURRENT_PROJECT_VERSION = 1;
				DEVELOPMENT_ASSET_PATHS = "\"ConnectX/Preview Content\"";
				DEVELOPMENT_TEAM = XWZ894PQN5;
				ENABLE_PREVIEWS = YES;
				GENERATE_INFOPLIST_FILE = YES;
				INFOPLIST_KEY_UIApplicationSceneManifest_Generation = YES;
				INFOPLIST_KEY_UIApplicationSupportsIndirectInputEvents = YES;
				INFOPLIST_KEY_UILaunchScreen_Generation = YES;
				INFOPLIST_KEY_UISupportedInterfaceOrientations_iPad = "UIInterfaceOrientationPortrait UIInterfaceOrientationPortraitUpsideDown UIInterfaceOrientationLandscapeLeft UIInterfaceOrientationLandscapeRight";
				INFOPLIST_KEY_UISupportedInterfaceOrientations_iPhone = "UIInterfaceOrientationPortrait UIInterfaceOrientationLandscapeLeft UIInterfaceOrientationLandscapeRight";
				LD_RUNPATH_SEARCH_PATHS = (
					"$(inherited)",
					"@executable_path/Frameworks",
				);
				MARKETING_VERSION = 1.0;
				PRODUCT_BUNDLE_IDENTIFIER = io.ooladejo.ConnectX;
				PRODUCT_NAME = "$(TARGET_NAME)";
				SWIFT_EMIT_LOC_STRINGS = YES;
				SWIFT_OPTIMIZATION_LEVEL = "-Onone";
				SWIFT_VERSION = 5.0;
				TARGETED_DEVICE_FAMILY = "1,2";
			};
			name = Debug;
		};
		3F498BC62CA4736A0007FEF3 /* Release */ = {
			isa = XCBuildConfiguration;
			buildSettings = {
				ASSETCATALOG_COMPILER_APPICON_NAME = AppIcon;
				ASSETCATALOG_COMPILER_GLOBAL_ACCENT_COLOR_NAME = AccentColor;
				CLANG_ENABLE_MODULES = YES;
				CODE_SIGN_STYLE = Automatic;
				CURRENT_PROJECT_VERSION = 1;
				DEVELOPMENT_ASSET_PATHS = "\"ConnectX/Preview Content\"";
				DEVELOPMENT_TEAM = XWZ894PQN5;
				ENABLE_PREVIEWS = YES;
				GENERATE_INFOPLIST_FILE = YES;
				INFOPLIST_KEY_UIApplicationSceneManifest_Generation = YES;
				INFOPLIST_KEY_UIApplicationSupportsIndirectInputEvents = YES;
				INFOPLIST_KEY_UILaunchScreen_Generation = YES;
				INFOPLIST_KEY_UISupportedInterfaceOrientations_iPad = "UIInterfaceOrientationPortrait UIInterfaceOrientationPortraitUpsideDown UIInterfaceOrientationLandscapeLeft UIInterfaceOrientationLandscapeRight";
				INFOPLIST_KEY_UISupportedInterfaceOrientations_iPhone = "UIInterfaceOrientationPortrait UIInterfaceOrientationLandscapeLeft UIInterfaceOrientationLandscapeRight";
				LD_RUNPATH_SEARCH_PATHS = (
					"$(inherited)",
					"@executable_path/Frameworks",
				);
				MARKETING_VERSION = 1.0;
				PRODUCT_BUNDLE_IDENTIFIER = io.ooladejo.ConnectX;
				PRODUCT_NAME = "$(TARGET_NAME)";
				SWIFT_EMIT_LOC_STRINGS = YES;
				SWIFT_VERSION = 5.0;
				TARGETED_DEVICE_FAMILY = "1,2";
			};
			name = Release;
		};
/* End XCBuildConfiguration section */

/* Begin XCConfigurationList section */
		3F498BB12CA473680007FEF3 /* Build configuration list for PBXProject "ConnectX" */ = {
			isa = XCConfigurationList;
			buildConfigurations = (
				3F498BC22CA4736A0007FEF3 /* Debug */,
				3F498BC32CA4736A0007FEF3 /* Release */,
			);
			defaultConfigurationIsVisible = 0;
			defaultConfigurationName = Release;
		};
		3F498BC42CA4736A0007FEF3 /* Build configuration list for PBXNativeTarget "ConnectX" */ = {
			isa = XCConfigurationList;
			buildConfigurations = (
				3F498BC52CA4736A0007FEF3 /* Debug */,
				3F498BC62CA4736A0007FEF3 /* Release */,
			);
			defaultConfigurationIsVisible = 0;
			defaultConfigurationName = Release;
		};
/* End XCConfigurationList section */

/* Begin XCRemoteSwiftPackageReference section */
		3FF218FA2CC9A3DA002D2F2F /* XCRemoteSwiftPackageReference "firebase-ios-sdk" */ = {
			isa = XCRemoteSwiftPackageReference;
			repositoryURL = "https://github.com/firebase/firebase-ios-sdk";
			requirement = {
				kind = upToNextMajorVersion;
				minimumVersion = 11.4.0;
			};
		};
/* End XCRemoteSwiftPackageReference section */

/* Begin XCSwiftPackageProductDependency section */
		3FF218FC2CC9AA37002D2F2F /* FirebaseAuth */ = {
			isa = XCSwiftPackageProductDependency;
			package = 3FF218FA2CC9A3DA002D2F2F /* XCRemoteSwiftPackageReference "firebase-ios-sdk" */;
			productName = FirebaseAuth;
		};
		3FF218FE2CC9AA37002D2F2F /* FirebaseCore */ = {
			isa = XCSwiftPackageProductDependency;
			package = 3FF218FA2CC9A3DA002D2F2F /* XCRemoteSwiftPackageReference "firebase-ios-sdk" */;
			productName = FirebaseCore;
		};
		3FF219002CCAEE98002D2F2F /* FirebaseFirestore */ = {
			isa = XCSwiftPackageProductDependency;
			package = 3FF218FA2CC9A3DA002D2F2F /* XCRemoteSwiftPackageReference "firebase-ios-sdk" */;
			productName = FirebaseFirestore;
		};
/* End XCSwiftPackageProductDependency section */
	};
	rootObject = 3F498BAE2CA473680007FEF3 /* Project object */;
}
